
Microsoft Visual Studio Solution File, Format Version 12.00
# Visual Studio 2012
Project("{E24C65DC-7377-472B-9ABA-BC803B73C61A}") = "Medical", "Medical\", "{7A68B0A0-4BD4-4A79-A213-DB63575F88EF}"
	ProjectSection(WebsiteProperties) = preProject
		TargetFrameworkMoniker = ".NETFramework,Version%3Dv4.5"
		ProjectReferences = ""
		Debug.AspNetCompiler.VirtualPath = "/Medical"
		Debug.AspNetCompiler.PhysicalPath = "Medical\"
		Debug.AspNetCompiler.TargetPath = "PrecompiledWeb\Medical\"
		Debug.AspNetCompiler.Updateable = "true"
		Debug.AspNetCompiler.ForceOverwrite = "true"
		Debug.AspNetCompiler.FixedNames = "false"
		Debug.AspNetCompiler.Debug = "True"
		Release.AspNetCompiler.VirtualPath = "/Medical"
		Release.AspNetCompiler.PhysicalPath = "Medical\"
		Release.AspNetCompiler.TargetPath = "PrecompiledWeb\Medical\"
		Release.AspNetCompiler.Updateable = "true"
		Release.AspNetCompiler.ForceOverwrite = "true"
		Release.AspNetCompiler.FixedNames = "false"
		Release.AspNetCompiler.Debug = "False"
		VWDPort = "3939"
	EndProjectSection
EndProject
Global
	GlobalSection(SolutionConfigurationPlatforms) = preSolution
		Debug|Any CPU = Debug|Any CPU
		Release|Any CPU = Release|Any CPU
	EndGlobalSection
	GlobalSection(ProjectConfigurationPlatforms) = postSolution
		{7A68B0A0-4BD4-4A79-A213-DB63575F88EF}.Debug|Any CPU.ActiveCfg = Debug|Any CPU
		{7A68B0A0-4BD4-4A79-A213-DB63575F88EF}.Debug|Any CPU.Build.0 = Debug|Any CPU
		{7A68B0A0-4BD4-4A79-A213-DB63575F88EF}.Release|Any CPU.ActiveCfg = Debug|Any CPU
		{7A68B0A0-4BD4-4A79-A213-DB63575F88EF}.Release|Any CPU.Build.0 = Debug|Any CPU
	EndGlobalSection
	GlobalSection(SolutionProperties) = preSolution
		HideSolutionNode = FALSE
	EndGlobalSection
EndGlobal
